PODS:
  - AFNetworking (2.1.0):
    - AFNetworking/NSURLConnection (= 2.1.0)
    - AFNetworking/NSURLSession (= 2.1.0)
    - AFNetworking/Reachability (= 2.1.0)
    - AFNetworking/Security (= 2.1.0)
    - AFNetworking/Serialization (= 2.1.0)
    - AFNetworking/UIKit (= 2.1.0)
  - AFNetworking/NSURLConnection (2.1.0):
    - AFNetworking/Reachability
    - AFNetworking/Security
    - AFNetworking/Serialization
  - AFNetworking/NSURLSession (2.1.0):
    - AFNetworking/NSURLConnection
  - AFNetworking/Reachability (2.1.0)
  - AFNetworking/Security (2.1.0)
  - AFNetworking/Serialization (2.1.0)
  - AFNetworking/UIKit (2.1.0):
    - AFNetworking/NSURLConnection
  - APAvatarImageView (1.0.0)

DEPENDENCIES:
  - AFNetworking (~> 2.1.0)
  - APAvatarImageView

SPEC CHECKSUMS:
  AFNetworking: d397c9a76a60c670cbcd33f3ff2c5f961f724cbc
  APAvatarImageView: 2a30342f43c012ab166aa7862261e6fbcc74c9cf

COCOAPODS: 0.39.0
