// !$*UTF8*$!
{
	archiveVersion = 1;
	classes = {
	};
	objectVersion = 46;
	objects = {

/* Begin PBXBuildFile section */
		8140EDF616D19087000E9E5E /* DRBShotDetailView.m in Sources */ = {isa = PBXBuildFile; fileRef = 8140EDF516D19087000E9E5E /* DRBShotDetailView.m */; };
		8140EDF916D2EEA9000E9E5E /* UIColor+Dribbbler.m in Sources */ = {isa = PBXBuildFile; fileRef = 8140EDF816D2EEA9000E9E5E /* UIColor+Dribbbler.m */; };
		81476CBA16CDC9370004D093 /* Localizable.strings in Resources */ = {isa = PBXBuildFile; fileRef = 81476CB816CDC9370004D093 /* Localizable.strings */; };
		81476CBE16CDCB5A0004D093 /* DRBShotFeedView.m in Sources */ = {isa = PBXBuildFile; fileRef = 81476CBD16CDCB5A0004D093 /* DRBShotFeedView.m */; };
		81476CC316CDCF890004D093 /* DRBShotTableViewCell.m in Sources */ = {isa = PBXBuildFile; fileRef = 81476CC216CDCF890004D093 /* DRBShotTableViewCell.m */; };
		818301A616D471D300E858CD /* UIFont+Dribbbler.m in Sources */ = {isa = PBXBuildFile; fileRef = 818301A516D471D300E858CD /* UIFont+Dribbbler.m */; };
		818F55E516D0144900B265FF /* DRBShotDetailViewController.m in Sources */ = {isa = PBXBuildFile; fileRef = 818F55E416D0144900B265FF /* DRBShotDetailViewController.m */; };
		818F55E816D0179800B265FF /* DRBPlayer.m in Sources */ = {isa = PBXBuildFile; fileRef = 818F55E716D0179800B265FF /* DRBPlayer.m */; };
		818F55EB16D019E000B265FF /* DRBPlayerDetailView.m in Sources */ = {isa = PBXBuildFile; fileRef = 818F55EA16D019E000B265FF /* DRBPlayerDetailView.m */; };
		81BE2CE816CDDE9A00D568D4 /* DRBCacheHandler.m in Sources */ = {isa = PBXBuildFile; fileRef = 81BE2CE716CDDE9A00D568D4 /* DRBCacheHandler.m */; };
		81CA534716CDBA730033795D /* UIKit.framework in Frameworks */ = {isa = PBXBuildFile; fileRef = 81CA534616CDBA730033795D /* UIKit.framework */; };
		81CA534916CDBA730033795D /* Foundation.framework in Frameworks */ = {isa = PBXBuildFile; fileRef = 81CA534816CDBA730033795D /* Foundation.framework */; };
		81CA534B16CDBA730033795D /* CoreGraphics.framework in Frameworks */ = {isa = PBXBuildFile; fileRef = 81CA534A16CDBA730033795D /* CoreGraphics.framework */; };
		81CA535116CDBA730033795D /* InfoPlist.strings in Resources */ = {isa = PBXBuildFile; fileRef = 81CA534F16CDBA730033795D /* InfoPlist.strings */; };
		81CA535316CDBA730033795D /* main.m in Sources */ = {isa = PBXBuildFile; fileRef = 81CA535216CDBA730033795D /* main.m */; };
		81CA535716CDBA730033795D /* DRBAppDelegate.m in Sources */ = {isa = PBXBuildFile; fileRef = 81CA535616CDBA730033795D /* DRBAppDelegate.m */; };
		81CA535916CDBA730033795D /* Default.png in Resources */ = {isa = PBXBuildFile; fileRef = 81CA535816CDBA730033795D /* Default.png */; };
		81CA535B16CDBA730033795D /* Default@2x.png in Resources */ = {isa = PBXBuildFile; fileRef = 81CA535A16CDBA730033795D /* Default@2x.png */; };
		81CA535D16CDBA730033795D /* Default-568h@2x.png in Resources */ = {isa = PBXBuildFile; fileRef = 81CA535C16CDBA730033795D /* Default-568h@2x.png */; };
		81CA536716CDBCA10033795D /* DRBAPIHandler.m in Sources */ = {isa = PBXBuildFile; fileRef = 81CA536616CDBCA10033795D /* DRBAPIHandler.m */; };
		81CA536C16CDBF050033795D /* DRBMainFeedViewController.m in Sources */ = {isa = PBXBuildFile; fileRef = 81CA536B16CDBF050033795D /* DRBMainFeedViewController.m */; };
		81CA536F16CDC2D50033795D /* DRBShot.m in Sources */ = {isa = PBXBuildFile; fileRef = 81CA536E16CDC2D50033795D /* DRBShot.m */; };
		81F91A8716D1890F00136842 /* DRBPlayerDetailViewController.m in Sources */ = {isa = PBXBuildFile; fileRef = 81F91A8616D1890F00136842 /* DRBPlayerDetailViewController.m */; };
/* End PBXBuildFile section */

/* Begin PBXFileReference section */
		8140EDF416D19087000E9E5E /* DRBShotDetailView.h */ = {isa = PBXFileReference; fileEncoding = 4; lastKnownFileType = sourcecode.c.h; path = DRBShotDetailView.h; sourceTree = "<group>"; };
		8140EDF516D19087000E9E5E /* DRBShotDetailView.m */ = {isa = PBXFileReference; fileEncoding = 4; lastKnownFileType = sourcecode.c.objc; path = DRBShotDetailView.m; sourceTree = "<group>"; };
		8140EDF716D2EEA9000E9E5E /* UIColor+Dribbbler.h */ = {isa = PBXFileReference; fileEncoding = 4; lastKnownFileType = sourcecode.c.h; path = "UIColor+Dribbbler.h"; sourceTree = "<group>"; };
		8140EDF816D2EEA9000E9E5E /* UIColor+Dribbbler.m */ = {isa = PBXFileReference; fileEncoding = 4; lastKnownFileType = sourcecode.c.objc; path = "UIColor+Dribbbler.m"; sourceTree = "<group>"; };
		81476CB916CDC9370004D093 /* en */ = {isa = PBXFileReference; lastKnownFileType = text.plist.strings; name = en; path = en.lproj/Localizable.strings; sourceTree = "<group>"; };
		81476CBC16CDCB5A0004D093 /* DRBShotFeedView.h */ = {isa = PBXFileReference; fileEncoding = 4; lastKnownFileType = sourcecode.c.h; lineEnding = 0; path = DRBShotFeedView.h; sourceTree = "<group>"; xcLanguageSpecificationIdentifier = xcode.lang.objcpp; };
		81476CBD16CDCB5A0004D093 /* DRBShotFeedView.m */ = {isa = PBXFileReference; fileEncoding = 4; lastKnownFileType = sourcecode.c.objc; lineEnding = 0; path = DRBShotFeedView.m; sourceTree = "<group>"; xcLanguageSpecificationIdentifier = xcode.lang.objc; };
		81476CC116CDCF890004D093 /* DRBShotTableViewCell.h */ = {isa = PBXFileReference; fileEncoding = 4; lastKnownFileType = sourcecode.c.h; path = DRBShotTableViewCell.h; sourceTree = "<group>"; };
		81476CC216CDCF890004D093 /* DRBShotTableViewCell.m */ = {isa = PBXFileReference; fileEncoding = 4; lastKnownFileType = sourcecode.c.objc; path = DRBShotTableViewCell.m; sourceTree = "<group>"; };
		818301A416D471D300E858CD /* UIFont+Dribbbler.h */ = {isa = PBXFileReference; fileEncoding = 4; lastKnownFileType = sourcecode.c.h; path = "UIFont+Dribbbler.h"; sourceTree = "<group>"; };
		818301A516D471D300E858CD /* UIFont+Dribbbler.m */ = {isa = PBXFileReference; fileEncoding = 4; lastKnownFileType = sourcecode.c.objc; path = "UIFont+Dribbbler.m"; sourceTree = "<group>"; };
		818F55E316D0144900B265FF /* DRBShotDetailViewController.h */ = {isa = PBXFileReference; fileEncoding = 4; lastKnownFileType = sourcecode.c.h; path = DRBShotDetailViewController.h; sourceTree = "<group>"; };
		818F55E416D0144900B265FF /* DRBShotDetailViewController.m */ = {isa = PBXFileReference; fileEncoding = 4; lastKnownFileType = sourcecode.c.objc; path = DRBShotDetailViewController.m; sourceTree = "<group>"; };
		818F55E616D0179800B265FF /* DRBPlayer.h */ = {isa = PBXFileReference; fileEncoding = 4; lastKnownFileType = sourcecode.c.h; path = DRBPlayer.h; sourceTree = "<group>"; };
		818F55E716D0179800B265FF /* DRBPlayer.m */ = {isa = PBXFileReference; fileEncoding = 4; lastKnownFileType = sourcecode.c.objc; path = DRBPlayer.m; sourceTree = "<group>"; };
		818F55E916D019E000B265FF /* DRBPlayerDetailView.h */ = {isa = PBXFileReference; fileEncoding = 4; lastKnownFileType = sourcecode.c.h; path = DRBPlayerDetailView.h; sourceTree = "<group>"; };
		818F55EA16D019E000B265FF /* DRBPlayerDetailView.m */ = {isa = PBXFileReference; fileEncoding = 4; lastKnownFileType = sourcecode.c.objc; path = DRBPlayerDetailView.m; sourceTree = "<group>"; };
		81BE2CE616CDDE9A00D568D4 /* DRBCacheHandler.h */ = {isa = PBXFileReference; fileEncoding = 4; lastKnownFileType = sourcecode.c.h; path = DRBCacheHandler.h; sourceTree = "<group>"; };
		81BE2CE716CDDE9A00D568D4 /* DRBCacheHandler.m */ = {isa = PBXFileReference; fileEncoding = 4; lastKnownFileType = sourcecode.c.objc; path = DRBCacheHandler.m; sourceTree = "<group>"; };
		81CA534316CDBA730033795D /* Dribbbler.app */ = {isa = PBXFileReference; explicitFileType = wrapper.application; includeInIndex = 0; path = Dribbbler.app; sourceTree = BUILT_PRODUCTS_DIR; };
		81CA534616CDBA730033795D /* UIKit.framework */ = {isa = PBXFileReference; lastKnownFileType = wrapper.framework; name = UIKit.framework; path = System/Library/Frameworks/UIKit.framework; sourceTree = SDKROOT; };
		81CA534816CDBA730033795D /* Foundation.framework */ = {isa = PBXFileReference; lastKnownFileType = wrapper.framework; name = Foundation.framework; path = System/Library/Frameworks/Foundation.framework; sourceTree = SDKROOT; };
		81CA534A16CDBA730033795D /* CoreGraphics.framework */ = {isa = PBXFileReference; lastKnownFileType = wrapper.framework; name = CoreGraphics.framework; path = System/Library/Frameworks/CoreGraphics.framework; sourceTree = SDKROOT; };
		81CA534E16CDBA730033795D /* Dribbbler-Info.plist */ = {isa = PBXFileReference; lastKnownFileType = text.plist.xml; path = "Dribbbler-Info.plist"; sourceTree = "<group>"; };
		81CA535016CDBA730033795D /* en */ = {isa = PBXFileReference; lastKnownFileType = text.plist.strings; name = en; path = en.lproj/InfoPlist.strings; sourceTree = "<group>"; };
		81CA535216CDBA730033795D /* main.m */ = {isa = PBXFileReference; lastKnownFileType = sourcecode.c.objc; path = main.m; sourceTree = "<group>"; };
		81CA535416CDBA730033795D /* Dribbbler-Prefix.pch */ = {isa = PBXFileReference; lastKnownFileType = sourcecode.c.h; path = "Dribbbler-Prefix.pch"; sourceTree = "<group>"; };
		81CA535516CDBA730033795D /* DRBAppDelegate.h */ = {isa = PBXFileReference; lastKnownFileType = sourcecode.c.h; path = DRBAppDelegate.h; sourceTree = "<group>"; };
		81CA535616CDBA730033795D /* DRBAppDelegate.m */ = {isa = PBXFileReference; lastKnownFileType = sourcecode.c.objc; path = DRBAppDelegate.m; sourceTree = "<group>"; };
		81CA535816CDBA730033795D /* Default.png */ = {isa = PBXFileReference; lastKnownFileType = image.png; path = Default.png; sourceTree = "<group>"; };
		81CA535A16CDBA730033795D /* Default@2x.png */ = {isa = PBXFileReference; lastKnownFileType = image.png; path = "Default@2x.png"; sourceTree = "<group>"; };
		81CA535C16CDBA730033795D /* Default-568h@2x.png */ = {isa = PBXFileReference; lastKnownFileType = image.png; path = "Default-568h@2x.png"; sourceTree = "<group>"; };
		81CA536516CDBCA10033795D /* DRBAPIHandler.h */ = {isa = PBXFileReference; fileEncoding = 4; lastKnownFileType = sourcecode.c.h; lineEnding = 0; path = DRBAPIHandler.h; sourceTree = "<group>"; xcLanguageSpecificationIdentifier = xcode.lang.objcpp; };
		81CA536616CDBCA10033795D /* DRBAPIHandler.m */ = {isa = PBXFileReference; fileEncoding = 4; lastKnownFileType = sourcecode.c.objc; lineEnding = 0; path = DRBAPIHandler.m; sourceTree = "<group>"; xcLanguageSpecificationIdentifier = xcode.lang.objc; };
		81CA536A16CDBF050033795D /* DRBMainFeedViewController.h */ = {isa = PBXFileReference; fileEncoding = 4; lastKnownFileType = sourcecode.c.h; path = DRBMainFeedViewController.h; sourceTree = "<group>"; };
		81CA536B16CDBF050033795D /* DRBMainFeedViewController.m */ = {isa = PBXFileReference; fileEncoding = 4; lastKnownFileType = sourcecode.c.objc; lineEnding = 0; path = DRBMainFeedViewController.m; sourceTree = "<group>"; xcLanguageSpecificationIdentifier = xcode.lang.objc; };
		81CA536D16CDC2D50033795D /* DRBShot.h */ = {isa = PBXFileReference; fileEncoding = 4; lastKnownFileType = sourcecode.c.h; path = DRBShot.h; sourceTree = "<group>"; };
		81CA536E16CDC2D50033795D /* DRBShot.m */ = {isa = PBXFileReference; fileEncoding = 4; lastKnownFileType = sourcecode.c.objc; path = DRBShot.m; sourceTree = "<group>"; };
		81F91A8516D1890F00136842 /* DRBPlayerDetailViewController.h */ = {isa = PBXFileReference; fileEncoding = 4; lastKnownFileType = sourcecode.c.h; path = DRBPlayerDetailViewController.h; sourceTree = "<group>"; };
		81F91A8616D1890F00136842 /* DRBPlayerDetailViewController.m */ = {isa = PBXFileReference; fileEncoding = 4; lastKnownFileType = sourcecode.c.objc; lineEnding = 0; path = DRBPlayerDetailViewController.m; sourceTree = "<group>"; xcLanguageSpecificationIdentifier = xcode.lang.objc; };
/* End PBXFileReference section */

/* Begin PBXFrameworksBuildPhase section */
		81CA534016CDBA730033795D /* Frameworks */ = {
			isa = PBXFrameworksBuildPhase;
			buildActionMask = 2147483647;
			files = (
				81CA534716CDBA730033795D /* UIKit.framework in Frameworks */,
				81CA534916CDBA730033795D /* Foundation.framework in Frameworks */,
				81CA534B16CDBA730033795D /* CoreGraphics.framework in Frameworks */,
			);
			runOnlyForDeploymentPostprocessing = 0;
		};
/* End PBXFrameworksBuildPhase section */

/* Begin PBXGroup section */
		81476CBB16CDCB180004D093 /* Views */ = {
			isa = PBXGroup;
			children = (
				81476CBC16CDCB5A0004D093 /* DRBShotFeedView.h */,
				81476CBD16CDCB5A0004D093 /* DRBShotFeedView.m */,
				8140EDF416D19087000E9E5E /* DRBShotDetailView.h */,
				8140EDF516D19087000E9E5E /* DRBShotDetailView.m */,
				818F55E916D019E000B265FF /* DRBPlayerDetailView.h */,
				818F55EA16D019E000B265FF /* DRBPlayerDetailView.m */,
			);
			path = Views;
			sourceTree = "<group>";
		};
		81476CC016CDCF680004D093 /* TableViewCells */ = {
			isa = PBXGroup;
			children = (
				81476CC116CDCF890004D093 /* DRBShotTableViewCell.h */,
				81476CC216CDCF890004D093 /* DRBShotTableViewCell.m */,
			);
			path = TableViewCells;
			sourceTree = "<group>";
		};
		818F55EC16D02A0E00B265FF /* Categories */ = {
			isa = PBXGroup;
			children = (
				8140EDF716D2EEA9000E9E5E /* UIColor+Dribbbler.h */,
				8140EDF816D2EEA9000E9E5E /* UIColor+Dribbbler.m */,
				818301A416D471D300E858CD /* UIFont+Dribbbler.h */,
				818301A516D471D300E858CD /* UIFont+Dribbbler.m */,
			);
			path = Categories;
			sourceTree = "<group>";
		};
		81CA533A16CDBA730033795D = {
			isa = PBXGroup;
			children = (
				81CA534C16CDBA730033795D /* Dribbbler */,
				81CA536316CDBBB40033795D /* Handlers */,
				81CA536416CDBBC80033795D /* Models */,
				818F55EC16D02A0E00B265FF /* Categories */,
				81CA534516CDBA730033795D /* Frameworks */,
				81CA534416CDBA730033795D /* Products */,
			);
			sourceTree = "<group>";
		};
		81CA534416CDBA730033795D /* Products */ = {
			isa = PBXGroup;
			children = (
				81CA534316CDBA730033795D /* Dribbbler.app */,
			);
			name = Products;
			sourceTree = "<group>";
		};
		81CA534516CDBA730033795D /* Frameworks */ = {
			isa = PBXGroup;
			children = (
				81CA534616CDBA730033795D /* UIKit.framework */,
				81CA534816CDBA730033795D /* Foundation.framework */,
				81CA534A16CDBA730033795D /* CoreGraphics.framework */,
			);
			name = Frameworks;
			sourceTree = "<group>";
		};
		81CA534C16CDBA730033795D /* Dribbbler */ = {
			isa = PBXGroup;
			children = (
				81CA535516CDBA730033795D /* DRBAppDelegate.h */,
				81CA535616CDBA730033795D /* DRBAppDelegate.m */,
				81CA536816CDBEE50033795D /* iPhone */,
				81CA534D16CDBA730033795D /* Supporting Files */,
			);
			path = Dribbbler;
			sourceTree = "<group>";
		};
		81CA534D16CDBA730033795D /* Supporting Files */ = {
			isa = PBXGroup;
			children = (
				81CA534E16CDBA730033795D /* Dribbbler-Info.plist */,
				81CA534F16CDBA730033795D /* InfoPlist.strings */,
				81CA535216CDBA730033795D /* main.m */,
				81CA535416CDBA730033795D /* Dribbbler-Prefix.pch */,
				81CA535816CDBA730033795D /* Default.png */,
				81CA535A16CDBA730033795D /* Default@2x.png */,
				81CA535C16CDBA730033795D /* Default-568h@2x.png */,
				81476CB816CDC9370004D093 /* Localizable.strings */,
			);
			name = "Supporting Files";
			sourceTree = "<group>";
		};
		81CA536316CDBBB40033795D /* Handlers */ = {
			isa = PBXGroup;
			children = (
				81CA536516CDBCA10033795D /* DRBAPIHandler.h */,
				81CA536616CDBCA10033795D /* DRBAPIHandler.m */,
				81BE2CE616CDDE9A00D568D4 /* DRBCacheHandler.h */,
				81BE2CE716CDDE9A00D568D4 /* DRBCacheHandler.m */,
			);
			path = Handlers;
			sourceTree = SOURCE_ROOT;
		};
		81CA536416CDBBC80033795D /* Models */ = {
			isa = PBXGroup;
			children = (
				81CA536D16CDC2D50033795D /* DRBShot.h */,
				81CA536E16CDC2D50033795D /* DRBShot.m */,
				818F55E616D0179800B265FF /* DRBPlayer.h */,
				818F55E716D0179800B265FF /* DRBPlayer.m */,
			);
			path = Models;
			sourceTree = "<group>";
		};
		81CA536816CDBEE50033795D /* iPhone */ = {
			isa = PBXGroup;
			children = (
				81CA536916CDBEE50033795D /* ViewControllers */,
				81476CBB16CDCB180004D093 /* Views */,
				81476CC016CDCF680004D093 /* TableViewCells */,
			);
			path = iPhone;
			sourceTree = "<group>";
		};
		81CA536916CDBEE50033795D /* ViewControllers */ = {
			isa = PBXGroup;
			children = (
				81CA536A16CDBF050033795D /* DRBMainFeedViewController.h */,
				81CA536B16CDBF050033795D /* DRBMainFeedViewController.m */,
				818F55E316D0144900B265FF /* DRBShotDetailViewController.h */,
				818F55E416D0144900B265FF /* DRBShotDetailViewController.m */,
				81F91A8516D1890F00136842 /* DRBPlayerDetailViewController.h */,
				81F91A8616D1890F00136842 /* DRBPlayerDetailViewController.m */,
			);
			path = ViewControllers;
			sourceTree = "<group>";
		};
/* End PBXGroup section */

/* Begin PBXNativeTarget section */
		81CA534216CDBA730033795D /* Dribbbler */ = {
			isa = PBXNativeTarget;
			buildConfigurationList = 81CA536016CDBA730033795D /* Build configuration list for PBXNativeTarget "Dribbbler" */;
			buildPhases = (
				81CA533F16CDBA730033795D /* Sources */,
				81CA534016CDBA730033795D /* Frameworks */,
				81CA534116CDBA730033795D /* Resources */,
			);
			buildRules = (
			);
			dependencies = (
			);
			name = Dribbbler;
			productName = Dribbbler;
			productReference = 81CA534316CDBA730033795D /* Dribbbler.app */;
			productType = "com.apple.product-type.application";
		};
/* End PBXNativeTarget section */

/* Begin PBXProject section */
		81CA533B16CDBA730033795D /* Project object */ = {
			isa = PBXProject;
			attributes = {
				CLASSPREFIX = DRB;
				LastUpgradeCheck = 0460;
				ORGANIZATIONNAME = "Michael Rakowski";
			};
			buildConfigurationList = 81CA533E16CDBA730033795D /* Build configuration list for PBXProject "Dribbbler" */;
			compatibilityVersion = "Xcode 3.2";
			developmentRegion = English;
			hasScannedForEncodings = 0;
			knownRegions = (
				en,
			);
			mainGroup = 81CA533A16CDBA730033795D;
			productRefGroup = 81CA534416CDBA730033795D /* Products */;
			projectDirPath = "";
			projectRoot = "";
			targets = (
				81CA534216CDBA730033795D /* Dribbbler */,
			);
		};
/* End PBXProject section */

/* Begin PBXResourcesBuildPhase section */
		81CA534116CDBA730033795D /* Resources */ = {
			isa = PBXResourcesBuildPhase;
			buildActionMask = 2147483647;
			files = (
				81CA535116CDBA730033795D /* InfoPlist.strings in Resources */,
				81CA535916CDBA730033795D /* Default.png in Resources */,
				81CA535B16CDBA730033795D /* Default@2x.png in Resources */,
				81CA535D16CDBA730033795D /* Default-568h@2x.png in Resources */,
				81476CBA16CDC9370004D093 /* Localizable.strings in Resources */,
			);
			runOnlyForDeploymentPostprocessing = 0;
		};
/* End PBXResourcesBuildPhase section */

/* Begin PBXSourcesBuildPhase section */
		81CA533F16CDBA730033795D /* Sources */ = {
			isa = PBXSourcesBuildPhase;
			buildActionMask = 2147483647;
			files = (
				81CA535316CDBA730033795D /* main.m in Sources */,
				81CA535716CDBA730033795D /* DRBAppDelegate.m in Sources */,
				81CA536716CDBCA10033795D /* DRBAPIHandler.m in Sources */,
				81CA536C16CDBF050033795D /* DRBMainFeedViewController.m in Sources */,
				81CA536F16CDC2D50033795D /* DRBShot.m in Sources */,
				81476CBE16CDCB5A0004D093 /* DRBShotFeedView.m in Sources */,
				81476CC316CDCF890004D093 /* DRBShotTableViewCell.m in Sources */,
				81BE2CE816CDDE9A00D568D4 /* DRBCacheHandler.m in Sources */,
				818F55E516D0144900B265FF /* DRBShotDetailViewController.m in Sources */,
				818F55E816D0179800B265FF /* DRBPlayer.m in Sources */,
				818F55EB16D019E000B265FF /* DRBPlayerDetailView.m in Sources */,
				81F91A8716D1890F00136842 /* DRBPlayerDetailViewController.m in Sources */,
				8140EDF616D19087000E9E5E /* DRBShotDetailView.m in Sources */,
				8140EDF916D2EEA9000E9E5E /* UIColor+Dribbbler.m in Sources */,
				818301A616D471D300E858CD /* UIFont+Dribbbler.m in Sources */,
			);
			runOnlyForDeploymentPostprocessing = 0;
		};
/* End PBXSourcesBuildPhase section */

/* Begin PBXVariantGroup section */
		81476CB816CDC9370004D093 /* Localizable.strings */ = {
			isa = PBXVariantGroup;
			children = (
				81476CB916CDC9370004D093 /* en */,
			);
			name = Localizable.strings;
			sourceTree = "<group>";
		};
		81CA534F16CDBA730033795D /* InfoPlist.strings */ = {
			isa = PBXVariantGroup;
			children = (
				81CA535016CDBA730033795D /* en */,
			);
			name = InfoPlist.strings;
			sourceTree = "<group>";
		};
/* End PBXVariantGroup section */

/* Begin XCBuildConfiguration section */
		81CA535E16CDBA730033795D /* Debug */ = {
			isa = XCBuildConfiguration;
			buildSettings = {
				ALWAYS_SEARCH_USER_PATHS = NO;
				CLANG_CXX_LANGUAGE_STANDARD = "gnu++0x";
				CLANG_CXX_LIBRARY = "libc++";
				CLANG_WARN_CONSTANT_CONVERSION = YES;
				CLANG_WARN_EMPTY_BODY = YES;
				CLANG_WARN_ENUM_CONVERSION = YES;
				CLANG_WARN_INT_CONVERSION = YES;
				CLANG_WARN__DUPLICATE_METHOD_MATCH = YES;
				"CODE_SIGN_IDENTITY[sdk=iphoneos*]" = "iPhone Developer";
				COPY_PHASE_STRIP = NO;
				GCC_C_LANGUAGE_STANDARD = gnu99;
				GCC_DYNAMIC_NO_PIC = NO;
				GCC_OPTIMIZATION_LEVEL = 0;
				GCC_PREPROCESSOR_DEFINITIONS = (
					"DEBUG=1",
					"$(inherited)",
				);
				GCC_SYMBOLS_PRIVATE_EXTERN = NO;
				GCC_WARN_ABOUT_RETURN_TYPE = YES;
				GCC_WARN_UNINITIALIZED_AUTOS = YES;
				GCC_WARN_UNUSED_VARIABLE = YES;
				IPHONEOS_DEPLOYMENT_TARGET = 6.1;
				ONLY_ACTIVE_ARCH = YES;
				SDKROOT = iphoneos;
			};
			name = Debug;
		};
		81CA535F16CDBA730033795D /* Release */ = {
			isa = XCBuildConfiguration;
			buildSettings = {
				ALWAYS_SEARCH_USER_PATHS = NO;
				CLANG_CXX_LANGUAGE_STANDARD = "gnu++0x";
				CLANG_CXX_LIBRARY = "libc++";
				CLANG_WARN_CONSTANT_CONVERSION = YES;
				CLANG_WARN_EMPTY_BODY = YES;
				CLANG_WARN_ENUM_CONVERSION = YES;
				CLANG_WARN_INT_CONVERSION = YES;
				CLANG_WARN__DUPLICATE_METHOD_MATCH = YES;
				"CODE_SIGN_IDENTITY[sdk=iphoneos*]" = "iPhone Developer";
				COPY_PHASE_STRIP = YES;
				GCC_C_LANGUAGE_STANDARD = gnu99;
				GCC_WARN_ABOUT_RETURN_TYPE = YES;
				GCC_WARN_UNINITIALIZED_AUTOS = YES;
				GCC_WARN_UNUSED_VARIABLE = YES;
				IPHONEOS_DEPLOYMENT_TARGET = 6.1;
				OTHER_CFLAGS = "-DNS_BLOCK_ASSERTIONS=1";
				SDKROOT = iphoneos;
				VALIDATE_PRODUCT = YES;
			};
			name = Release;
		};
		81CA536116CDBA730033795D /* Debug */ = {
			isa = XCBuildConfiguration;
			buildSettings = {
				GCC_PRECOMPILE_PREFIX_HEADER = YES;
				GCC_PREFIX_HEADER = "Dribbbler/Dribbbler-Prefix.pch";
				INFOPLIST_FILE = "Dribbbler/Dribbbler-Info.plist";
				IPHONEOS_DEPLOYMENT_TARGET = 5.0;
				PRODUCT_NAME = "$(TARGET_NAME)";
				WRAPPER_EXTENSION = app;
			};
			name = Debug;
		};
		81CA536216CDBA730033795D /* Release */ = {
			isa = XCBuildConfiguration;
			buildSettings = {
				GCC_PRECOMPILE_PREFIX_HEADER = YES;
				GCC_PREFIX_HEADER = "Dribbbler/Dribbbler-Prefix.pch";
				INFOPLIST_FILE = "Dribbbler/Dribbbler-Info.plist";
				IPHONEOS_DEPLOYMENT_TARGET = 5.0;
				PRODUCT_NAME = "$(TARGET_NAME)";
				WRAPPER_EXTENSION = app;
			};
			name = Release;
		};
/* End XCBuildConfiguration section */

/* Begin XCConfigurationList section */
		81CA533E16CDBA730033795D /* Build configuration list for PBXProject "Dribbbler" */ = {
			isa = XCConfigurationList;
			buildConfigurations = (
				81CA535E16CDBA730033795D /* Debug */,
				81CA535F16CDBA730033795D /* Release */,
			);
			defaultConfigurationIsVisible = 0;
			defaultConfigurationName = Release;
		};
		81CA536016CDBA730033795D /* Build configuration list for PBXNativeTarget "Dribbbler" */ = {
			isa = XCConfigurationList;
			buildConfigurations = (
				81CA536116CDBA730033795D /* Debug */,
				81CA536216CDBA730033795D /* Release */,
			);
			defaultConfigurationIsVisible = 0;
			defaultConfigurationName = Release;
		};
/* End XCConfigurationList section */
	};
	rootObject = 81CA533B16CDBA730033795D /* Project object */;
}
